// !$*UTF8*$!
{
	archiveVersion = 1;
	classes = {
	};
	objectVersion = 56;
	objects = {

/* Begin PBXBuildFile section */
		CFCBB23A2A81A09300371D0F /* RealityKitContent in Frameworks */ = {isa = PBXBuildFile; productRef = CFCBB2392A81A09300371D0F /* RealityKitContent */; };
		CFCBB23C2A81A09300371D0F /* Hahk3_VisionOS_Model3D_01App.swift in Sources */ = {isa = PBXBuildFile; fileRef = CFCBB23B2A81A09300371D0F /* Hahk3_VisionOS_Model3D_01App.swift */; };
		CFCBB23E2A81A09300371D0F /* ContentView.swift in Sources */ = {isa = PBXBuildFile; fileRef = CFCBB23D2A81A09300371D0F /* ContentView.swift */; };
		CFCBB2402A81A09500371D0F /* Assets.xcassets in Resources */ = {isa = PBXBuildFile; fileRef = CFCBB23F2A81A09500371D0F /* Assets.xcassets */; };
		CFCBB2432A81A09500371D0F /* Preview Assets.xcassets in Resources */ = {isa = PBXBuildFile; fileRef = CFCBB2422A81A09500371D0F /* Preview Assets.xcassets */; };
/* End PBXBuildFile section */

/* Begin PBXFileReference section */
		CFCBB2342A81A09300371D0F /* Hahk3_VisionOS_Model3D_01.app */ = {isa = PBXFileReference; explicitFileType = wrapper.application; includeInIndex = 0; path = Hahk3_VisionOS_Model3D_01.app; sourceTree = BUILT_PRODUCTS_DIR; };
		CFCBB2382A81A09300371D0F /* RealityKitContent */ = {isa = PBXFileReference; lastKnownFileType = wrapper; path = RealityKitContent; sourceTree = "<group>"; };
		CFCBB23B2A81A09300371D0F /* Hahk3_VisionOS_Model3D_01App.swift */ = {isa = PBXFileReference; lastKnownFileType = sourcecode.swift; path = Hahk3_VisionOS_Model3D_01App.swift; sourceTree = "<group>"; };
		CFCBB23D2A81A09300371D0F /* ContentView.swift */ = {isa = PBXFileReference; lastKnownFileType = sourcecode.swift; path = ContentView.swift; sourceTree = "<group>"; };
		CFCBB23F2A81A09500371D0F /* Assets.xcassets */ = {isa = PBXFileReference; lastKnownFileType = folder.assetcatalog; path = Assets.xcassets; sourceTree = "<group>"; };
		CFCBB2422A81A09500371D0F /* Preview Assets.xcassets */ = {isa = PBXFileReference; lastKnownFileType = folder.assetcatalog; path = "Preview Assets.xcassets"; sourceTree = "<group>"; };
/* End PBXFileReference section */

/* Begin PBXFrameworksBuildPhase section */
		CFCBB2312A81A09300371D0F /* Frameworks */ = {
			isa = PBXFrameworksBuildPhase;
			buildActionMask = 2147483647;
			files = (
				CFCBB23A2A81A09300371D0F /* RealityKitContent in Frameworks */,
			);
			runOnlyForDeploymentPostprocessing = 0;
		};
/* End PBXFrameworksBuildPhase section */

/* Begin PBXGroup section */
		CFCBB22B2A81A09300371D0F = {
			isa = PBXGroup;
			children = (
				CFCBB2362A81A09300371D0F /* Hahk3_VisionOS_Model3D_01 */,
				CFCBB2372A81A09300371D0F /* Packages */,
				CFCBB2352A81A09300371D0F /* Products */,
			);
			sourceTree = "<group>";
		};
		CFCBB2352A81A09300371D0F /* Products */ = {
			isa = PBXGroup;
			children = (
				CFCBB2342A81A09300371D0F /* Hahk3_VisionOS_Model3D_01.app */,
			);
			name = Products;
			sourceTree = "<group>";
		};
		CFCBB2362A81A09300371D0F /* Hahk3_VisionOS_Model3D_01 */ = {
			isa = PBXGroup;
			children = (
				CFCBB23B2A81A09300371D0F /* Hahk3_VisionOS_Model3D_01App.swift */,
				CFCBB23D2A81A09300371D0F /* ContentView.swift */,
				CFCBB23F2A81A09500371D0F /* Assets.xcassets */,
				CFCBB2412A81A09500371D0F /* Preview Content */,
			);
			path = Hahk3_VisionOS_Model3D_01;
			sourceTree = "<group>";
		};
		CFCBB2372A81A09300371D0F /* Packages */ = {
			isa = PBXGroup;
			children = (
				CFCBB2382A81A09300371D0F /* RealityKitContent */,
			);
			path = Packages;
			sourceTree = "<group>";
		};
		CFCBB2412A81A09500371D0F /* Preview Content */ = {
			isa = PBXGroup;
			children = (
				CFCBB2422A81A09500371D0F /* Preview Assets.xcassets */,
			);
			path = "Preview Content";
			sourceTree = "<group>";
		};
/* End PBXGroup section */

/* Begin PBXNativeTarget section */
		CFCBB2332A81A09300371D0F /* Hahk3_VisionOS_Model3D_01 */ = {
			isa = PBXNativeTarget;
			buildConfigurationList = CFCBB2462A81A09500371D0F /* Build configuration list for PBXNativeTarget "Hahk3_VisionOS_Model3D_01" */;
			buildPhases = (
				CFCBB2302A81A09300371D0F /* Sources */,
				CFCBB2312A81A09300371D0F /* Frameworks */,
				CFCBB2322A81A09300371D0F /* Resources */,
			);
			buildRules = (
			);
			dependencies = (
			);
			name = Hahk3_VisionOS_Model3D_01;
			packageProductDependencies = (
				CFCBB2392A81A09300371D0F /* RealityKitContent */,
			);
			productName = Hahk3_VisionOS_Model3D_01;
			productReference = CFCBB2342A81A09300371D0F /* Hahk3_VisionOS_Model3D_01.app */;
			productType = "com.apple.product-type.application";
		};
/* End PBXNativeTarget section */

/* Begin PBXProject section */
		CFCBB22C2A81A09300371D0F /* Project object */ = {
			isa = PBXProject;
			attributes = {
				BuildIndependentTargetsInParallel = 1;
				LastSwiftUpdateCheck = 1500;
				LastUpgradeCheck = 1500;
				TargetAttributes = {
					CFCBB2332A81A09300371D0F = {
						CreatedOnToolsVersion = 15.0;
					};
				};
			};
			buildConfigurationList = CFCBB22F2A81A09300371D0F /* Build configuration list for PBXProject "Hahk3_VisionOS_Model3D_01" */;
			compatibilityVersion = "Xcode 14.0";
			developmentRegion = en;
			hasScannedForEncodings = 0;
			knownRegions = (
				en,
				Base,
			);
			mainGroup = CFCBB22B2A81A09300371D0F;
			productRefGroup = CFCBB2352A81A09300371D0F /* Products */;
			projectDirPath = "";
			projectRoot = "";
			targets = (
				CFCBB2332A81A09300371D0F /* Hahk3_VisionOS_Model3D_01 */,
			);
		};
/* End PBXProject section */

/* Begin PBXResourcesBuildPhase section */
		CFCBB2322A81A09300371D0F /* Resources */ = {
			isa = PBXResourcesBuildPhase;
			buildActionMask = 2147483647;
			files = (
				CFCBB2432A81A09500371D0F /* Preview Assets.xcassets in Resources */,
				CFCBB2402A81A09500371D0F /* Assets.xcassets in Resources */,
			);
			runOnlyForDeploymentPostprocessing = 0;
		};
/* End PBXResourcesBuildPhase section */

/* Begin PBXSourcesBuildPhase section */
		CFCBB2302A81A09300371D0F /* Sources */ = {
			isa = PBXSourcesBuildPhase;
			buildActionMask = 2147483647;
			files = (
				CFCBB23E2A81A09300371D0F /* ContentView.swift in Sources */,
				CFCBB23C2A81A09300371D0F /* Hahk3_VisionOS_Model3D_01App.swift in Sources */,
			);
			runOnlyForDeploymentPostprocessing = 0;
		};
/* End PBXSourcesBuildPhase section */

/* Begin XCBuildConfiguration section */
		CFCBB2442A81A09500371D0F /* Debug */ = {
			isa = XCBuildConfiguration;
			buildSettings = {
				ALWAYS_SEARCH_USER_PATHS = NO;
				ASSETCATALOG_COMPILER_GENERATE_SWIFT_ASSET_SYMBOL_EXTENSIONS = YES;
				CLANG_ANALYZER_NONNULL = YES;
				CLANG_ANALYZER_NUMBER_OBJECT_CONVERSION = YES_AGGRESSIVE;
				CLANG_CXX_LANGUAGE_STANDARD = "gnu++20";
				CLANG_ENABLE_MODULES = YES;
				CLANG_ENABLE_OBJC_ARC = YES;
				CLANG_ENABLE_OBJC_WEAK = YES;
				CLANG_WARN_BLOCK_CAPTURE_AUTORELEASING = YES;
				CLANG_WARN_BOOL_CONVERSION = YES;
				CLANG_WARN_COMMA = YES;
				CLANG_WARN_CONSTANT_CONVERSION = YES;
				CLANG_WARN_DEPRECATED_OBJC_IMPLEMENTATIONS = YES;
				CLANG_WARN_DIRECT_OBJC_ISA_USAGE = YES_ERROR;
				CLANG_WARN_DOCUMENTATION_COMMENTS = YES;
				CLANG_WARN_EMPTY_BODY = YES;
				CLANG_WARN_ENUM_CONVERSION = YES;
				CLANG_WARN_INFINITE_RECURSION = YES;
				CLANG_WARN_INT_CONVERSION = YES;
				CLANG_WARN_NON_LITERAL_NULL_CONVERSION = YES;
				CLANG_WARN_OBJC_IMPLICIT_RETAIN_SELF = YES;
				CLANG_WARN_OBJC_LITERAL_CONVERSION = YES;
				CLANG_WARN_OBJC_ROOT_CLASS = YES_ERROR;
				CLANG_WARN_QUOTED_INCLUDE_IN_FRAMEWORK_HEADER = YES;
				CLANG_WARN_RANGE_LOOP_ANALYSIS = YES;
				CLANG_WARN_STRICT_PROTOTYPES = YES;
				CLANG_WARN_SUSPICIOUS_MOVE = YES;
				CLANG_WARN_UNGUARDED_AVAILABILITY = YES_AGGRESSIVE;
				CLANG_WARN_UNREACHABLE_CODE = YES;
				CLANG_WARN__DUPLICATE_METHOD_MATCH = YES;
				COPY_PHASE_STRIP = NO;
				DEBUG_INFORMATION_FORMAT = dwarf;
				ENABLE_STRICT_OBJC_MSGSEND = YES;
				ENABLE_TESTABILITY = YES;
				ENABLE_USER_SCRIPT_SANDBOXING = YES;
				GCC_C_LANGUAGE_STANDARD = gnu17;
				GCC_DYNAMIC_NO_PIC = NO;
				GCC_NO_COMMON_BLOCKS = YES;
				GCC_OPTIMIZATION_LEVEL = 0;
				GCC_PREPROCESSOR_DEFINITIONS = (
					"DEBUG=1",
					"$(inherited)",
				);
				GCC_WARN_64_TO_32_BIT_CONVERSION = YES;
				GCC_WARN_ABOUT_RETURN_TYPE = YES_ERROR;
				GCC_WARN_UNDECLARED_SELECTOR = YES;
				GCC_WARN_UNINITIALIZED_AUTOS = YES_AGGRESSIVE;
				GCC_WARN_UNUSED_FUNCTION = YES;
				GCC_WARN_UNUSED_VARIABLE = YES;
				LOCALIZATION_PREFERS_STRING_CATALOGS = YES;
				MTL_ENABLE_DEBUG_INFO = INCLUDE_SOURCE;
				MTL_FAST_MATH = YES;
				ONLY_ACTIVE_ARCH = YES;
				SDKROOT = xros;
				SWIFT_ACTIVE_COMPILATION_CONDITIONS = "DEBUG $(inherited)";
				SWIFT_OPTIMIZATION_LEVEL = "-Onone";
				XROS_DEPLOYMENT_TARGET = 1.0;
			};
			name = Debug;
		};
		CFCBB2452A81A09500371D0F /* Release */ = {
			isa = XCBuildConfiguration;
			buildSettings = {
				ALWAYS_SEARCH_USER_PATHS = NO;
				ASSETCATALOG_COMPILER_GENERATE_SWIFT_ASSET_SYMBOL_EXTENSIONS = YES;
				CLANG_ANALYZER_NONNULL = YES;
				CLANG_ANALYZER_NUMBER_OBJECT_CONVERSION = YES_AGGRESSIVE;
				CLANG_CXX_LANGUAGE_STANDARD = "gnu++20";
				CLANG_ENABLE_MODULES = YES;
				CLANG_ENABLE_OBJC_ARC = YES;
				CLANG_ENABLE_OBJC_WEAK = YES;
				CLANG_WARN_BLOCK_CAPTURE_AUTORELEASING = YES;
				CLANG_WARN_BOOL_CONVERSION = YES;
				CLANG_WARN_COMMA = YES;
				CLANG_WARN_CONSTANT_CONVERSION = YES;
				CLANG_WARN_DEPRECATED_OBJC_IMPLEMENTATIONS = YES;
				CLANG_WARN_DIRECT_OBJC_ISA_USAGE = YES_ERROR;
				CLANG_WARN_DOCUMENTATION_COMMENTS = YES;
				CLANG_WARN_EMPTY_BODY = YES;
				CLANG_WARN_ENUM_CONVERSION = YES;
				CLANG_WARN_INFINITE_RECURSION = YES;
				CLANG_WARN_INT_CONVERSION = YES;
				CLANG_WARN_NON_LITERAL_NULL_CONVERSION = YES;
				CLANG_WARN_OBJC_IMPLICIT_RETAIN_SELF = YES;
				CLANG_WARN_OBJC_LITERAL_CONVERSION = YES;
				CLANG_WARN_OBJC_ROOT_CLASS = YES_ERROR;
				CLANG_WARN_QUOTED_INCLUDE_IN_FRAMEWORK_HEADER = YES;
				CLANG_WARN_RANGE_LOOP_ANALYSIS = YES;
				CLANG_WARN_STRICT_PROTOTYPES = YES;
				CLANG_WARN_SUSPICIOUS_MOVE = YES;
				CLANG_WARN_UNGUARDED_AVAILABILITY = YES_AGGRESSIVE;
				CLANG_WARN_UNREACHABLE_CODE = YES;
				CLANG_WARN__DUPLICATE_METHOD_MATCH = YES;
				COPY_PHASE_STRIP = NO;
				DEBUG_INFORMATION_FORMAT = "dwarf-with-dsym";
				ENABLE_NS_ASSERTIONS = NO;
				ENABLE_STRICT_OBJC_MSGSEND = YES;
				ENABLE_USER_SCRIPT_SANDBOXING = YES;
				GCC_C_LANGUAGE_STANDARD = gnu17;
				GCC_NO_COMMON_BLOCKS = YES;
				GCC_WARN_64_TO_32_BIT_CONVERSION = YES;
				GCC_WARN_ABOUT_RETURN_TYPE = YES_ERROR;
				GCC_WARN_UNDECLARED_SELECTOR = YES;
				GCC_WARN_UNINITIALIZED_AUTOS = YES_AGGRESSIVE;
				GCC_WARN_UNUSED_FUNCTION = YES;
				GCC_WARN_UNUSED_VARIABLE = YES;
				LOCALIZATION_PREFERS_STRING_CATALOGS = YES;
				MTL_ENABLE_DEBUG_INFO = NO;
				MTL_FAST_MATH = YES;
				SDKROOT = xros;
				SWIFT_COMPILATION_MODE = wholemodule;
				VALIDATE_PRODUCT = YES;
				XROS_DEPLOYMENT_TARGET = 1.0;
			};
			name = Release;
		};
		CFCBB2472A81A09500371D0F /* Debug */ = {
			isa = XCBuildConfiguration;
			buildSettings = {
				ASSETCATALOG_COMPILER_APPICON_NAME = AppIcon;
				ASSETCATALOG_COMPILER_GLOBAL_ACCENT_COLOR_NAME = AccentColor;
				CODE_SIGN_STYLE = Automatic;
				CURRENT_PROJECT_VERSION = 1;
				DEVELOPMENT_ASSET_PATHS = "\"Hahk3_VisionOS_Model3D_01/Preview Content\"";
				DEVELOPMENT_TEAM = T5L9235U34;
				ENABLE_PREVIEWS = YES;
				GENERATE_INFOPLIST_FILE = YES;
				INFOPLIST_KEY_UIApplicationSceneManifest_Generation = YES;
				LD_RUNPATH_SEARCH_PATHS = (
					"$(inherited)",
					"@executable_path/Frameworks",
				);
				MARKETING_VERSION = 1.0;
				PRODUCT_BUNDLE_IDENTIFIER = "com.AriKim.Hahk3-VisionOS-Model3D-01";
				PRODUCT_NAME = "$(TARGET_NAME)";
				SUPPORTED_PLATFORMS = "xros xrsimulator";
				SWIFT_EMIT_LOC_STRINGS = YES;
				SWIFT_VERSION = 5.0;
				TARGETED_DEVICE_FAMILY = "1,2,7";
			};
			name = Debug;
		};
		CFCBB2482A81A09500371D0F /* Release */ = {
			isa = XCBuildConfiguration;
			buildSettings = {
				ASSETCATALOG_COMPILER_APPICON_NAME = AppIcon;
				ASSETCATALOG_COMPILER_GLOBAL_ACCENT_COLOR_NAME = AccentColor;
				CODE_SIGN_STYLE = Automatic;
				CURRENT_PROJECT_VERSION = 1;
				DEVELOPMENT_ASSET_PATHS = "\"Hahk3_VisionOS_Model3D_01/Preview Content\"";
				DEVELOPMENT_TEAM = T5L9235U34;
				ENABLE_PREVIEWS = YES;
				GENERATE_INFOPLIST_FILE = YES;
				INFOPLIST_KEY_UIApplicationSceneManifest_Generation = YES;
				LD_RUNPATH_SEARCH_PATHS = (
					"$(inherited)",
					"@executable_path/Frameworks",
				);
				MARKETING_VERSION = 1.0;
				PRODUCT_BUNDLE_IDENTIFIER = "com.AriKim.Hahk3-VisionOS-Model3D-01";
				PRODUCT_NAME = "$(TARGET_NAME)";
				SUPPORTED_PLATFORMS = "xros xrsimulator";
				SWIFT_EMIT_LOC_STRINGS = YES;
				SWIFT_VERSION = 5.0;
				TARGETED_DEVICE_FAMILY = "1,2,7";
			};
			name = Release;
		};
/* End XCBuildConfiguration section */

/* Begin XCConfigurationList section */
		CFCBB22F2A81A09300371D0F /* Build configuration list for PBXProject "Hahk3_VisionOS_Model3D_01" */ = {
			isa = XCConfigurationList;
			buildConfigurations = (
				CFCBB2442A81A09500371D0F /* Debug */,
				CFCBB2452A81A09500371D0F /* Release */,
			);
			defaultConfigurationIsVisible = 0;
			defaultConfigurationName = Release;
		};
		CFCBB2462A81A09500371D0F /* Build configuration list for PBXNativeTarget "Hahk3_VisionOS_Model3D_01" */ = {
			isa = XCConfigurationList;
			buildConfigurations = (
				CFCBB2472A81A09500371D0F /* Debug */,
				CFCBB2482A81A09500371D0F /* Release */,
			);
			defaultConfigurationIsVisible = 0;
			defaultConfigurationName = Release;
		};
/* End XCConfigurationList section */

/* Begin XCSwiftPackageProductDependency section */
		CFCBB2392A81A09300371D0F /* RealityKitContent */ = {
			isa = XCSwiftPackageProductDependency;
			productName = RealityKitContent;
		};
/* End XCSwiftPackageProductDependency section */
	};
	rootObject = CFCBB22C2A81A09300371D0F /* Project object */;
}
